
Microsoft Visual Studio Solution File, Format Version 12.00
# Visual Studio Version 17
VisualStudioVersion = 17.5.33530.505
MinimumVisualStudioVersion = 10.0.40219.1
Project("{FAE04EC0-301F-11D3-BF4B-00C04F79EFBC}") = "BD", "BD\BD.csproj", "{17F94FF3-CFEE-4A99-8219-3C26B8CFC16D}"
EndProject
Global
	GlobalSection(SolutionConfigurationPlatforms) = preSolution
		Debug|Any CPU = Debug|Any CPU
		Release|Any CPU = Release|Any CPU
	EndGlobalSection
	GlobalSection(ProjectConfigurationPlatforms) = postSolution
		{17F94FF3-CFEE-4A99-8219-3C26B8CFC16D}.Debug|Any CPU.ActiveCfg = Debug|Any CPU
		{17F94FF3-CFEE-4A99-8219-3C26B8CFC16D}.Debug|Any CPU.Build.0 = Debug|Any CPU
		{17F94FF3-CFEE-4A99-8219-3C26B8CFC16D}.Release|Any CPU.ActiveCfg = Release|Any CPU
		{17F94FF3-CFEE-4A99-8219-3C26B8CFC16D}.Release|Any CPU.Build.0 = Release|Any CPU
	EndGlobalSection
	GlobalSection(SolutionProperties) = preSolution
		HideSolutionNode = FALSE
	EndGlobalSection
	GlobalSection(ExtensibilityGlobals) = postSolution
		SolutionGuid = {B400B1A0-D404-4F43-A310-6F518B198177}
	EndGlobalSection
EndGlobal
